{
  "version": 4,
  "terraform_version": "1.11.3",
  "serial": 176,
  "lineage": "277fb2a8-ee17-2c77-2a5c-03a9e76e69b0",
  "outputs": {},
  "resources": [
    {
      "mode": "managed",
      "type": "google_compute_instance",
      "name": "server",
      "provider": "provider[\"registry.terraform.io/hashicorp/google\"]",
      "instances": [
        {
          "index_key": "bootcamp-demo",
          "schema_version": 6,
          "attributes": {
            "advanced_machine_features": [],
            "allow_stopping_for_update": true,
            "attached_disk": [],
            "boot_disk": [
              {
                "auto_delete": true,
                "device_name": "persistent-disk-0",
                "disk_encryption_key_raw": "",
                "disk_encryption_key_rsa": "",
                "disk_encryption_key_sha256": "",
                "disk_encryption_service_account": "",
                "guest_os_features": [
                  "VIRTIO_SCSI_MULTIQUEUE",
                  "SEV_CAPABLE",
                  "SEV_SNP_CAPABLE",
                  "SEV_LIVE_MIGRATABLE",
                  "SEV_LIVE_MIGRATABLE_V2",
                  "IDPF",
                  "TDX_CAPABLE",
                  "UEFI_COMPATIBLE",
                  "GVNIC"
                ],
                "initialize_params": [
                  {
                    "architecture": "X86_64",
                    "enable_confidential_compute": false,
                    "image": "https://www.googleapis.com/compute/v1/projects/ubuntu-os-cloud/global/images/ubuntu-2204-jammy-v20250606",
                    "labels": {},
                    "provisioned_iops": 0,
                    "provisioned_throughput": 0,
                    "resource_manager_tags": null,
                    "resource_policies": [],
                    "size": 10,
                    "snapshot": "",
                    "source_image_encryption_key": [],
                    "source_snapshot_encryption_key": [],
                    "storage_pool": "",
                    "type": "pd-standard"
                  }
                ],
                "interface": "",
                "kms_key_self_link": "",
                "mode": "READ_WRITE",
                "source": "https://www.googleapis.com/compute/v1/projects/coder-evaluation/zones/us-central1-a/disks/bootcamp-demo"
              }
            ],
            "can_ip_forward": false,
            "confidential_instance_config": [],
            "cpu_platform": "AMD Rome",
            "creation_timestamp": "2025-06-11T11:14:37.651-07:00",
            "current_status": "RUNNING",
            "deletion_protection": false,
            "description": "",
            "desired_status": null,
            "effective_labels": {
              "goog-terraform-provisioned": "true"
            },
            "enable_display": false,
            "guest_accelerator": [],
            "hostname": "",
            "id": "projects/coder-evaluation/zones/us-central1-a/instances/bootcamp-demo",
            "instance_encryption_key": [],
            "instance_id": "6247646069633874274",
            "key_revocation_action_type": "",
            "label_fingerprint": "vezUS-42LLM=",
            "labels": null,
            "machine_type": "e2-small",
            "metadata": {
              "ssh-keys": "coatsworth:ssh-rsa AAAAB3NzaC1yc2EAAAADAQABAAABgQC7PnP5MbRe6h03NZk6OzT0MgPyjteiPwPo77ig2Clnq78YZL2SPLKVim8FirASbfVWnCzwTMQNGE8l8Ghm60ii+vRrs7ubCcLlZSmdJoFTataJ5JuDUulyKeTjjmB20lR3gr965u1bIDEmzwvtKOETuuFc7NzHzwfM2a4jmRtnDynDveA+Ud5D0j1n14SEH5eMxxtQmFrl+ZEp8RxNDFUzA9VgVy0wZtZBdCG0Rn5GAb3qqK9T4pm7ruXOpnKIv/z7kkcglrAih0iycfLnpyjFkWNRQNc+9Wq1m3WHH5tgpRSgaZ+mYAeCnV9fzKWYV36ksY9za3bZf5PS7X+vNRc3Q4oZsmE1h7E/2WZ6UpsVnsQ0A+tJbLX5/2/kjW7GqK7ddei6COMnjHr0BRDk6QiN8k/7PJJNwpq3cr9rsq3yOXckdiB1f1vpSmTc9dx4JymOUwZiyu0sEdpNyu97tNAzHA/PVa2fYRr09PAjvKc5drpnpBgg6oPKFjiRVHrc7CM= coatsworth@mark-vector\n"
            },
            "metadata_fingerprint": "FvYeZHTwfms=",
            "metadata_startup_script": "#!/bin/bash\n\n# Redirect all the following output to /install.log\nexec \u003e /tmp/install.log 2\u003e\u00261\nchmod 777 /tmp/install.log\n\n# Update and install system packages\napt-get update\napt-get install -y apt-transport-https ca-certificates curl software-properties-common members vim python3-pandas\n\n# Install Docker\ncurl -fsSL https://download.docker.com/linux/ubuntu/gpg | apt-key add -\n    add-apt-repository \\\n        \"deb [arch=amd64] https://download.docker.com/linux/ubuntu \\\n        $(lsb_release -cs) \\\n        stable\"\napt-get update\napt-get install -y docker-ce\n\n# Set some Coder-related environment variables\nexport CODER_OAUTH2_GITHUB_ALLOW_SIGNUPS=true\n\n# Install Coder\nexport HOME=/root\ncurl -L https://coder.com/install.sh | sh\nsystemctl enable --now coder\njournalctl -u coder.service -b\n\n# Run the Coder setup script\npython3 /tmp/coder_setup.py\n\n# Lastly, delete our setup and user data files, don't want anybody finding them\n#rm -rf /tmp/coder_setup.py\n#rm -rf /tmp/users.csv\n",
            "min_cpu_platform": "",
            "name": "bootcamp-demo",
            "network_interface": [
              {
                "access_config": [
                  {
                    "nat_ip": "34.121.81.14",
                    "network_tier": "PREMIUM",
                    "public_ptr_domain_name": ""
                  }
                ],
                "alias_ip_range": [],
                "internal_ipv6_prefix_length": 0,
                "ipv6_access_config": [],
                "ipv6_access_type": "",
                "ipv6_address": "",
                "name": "nic0",
                "network": "https://www.googleapis.com/compute/v1/projects/coder-evaluation/global/networks/default",
                "network_attachment": "",
                "network_ip": "10.128.0.53",
                "nic_type": "",
                "queue_count": 0,
                "stack_type": "IPV4_ONLY",
                "subnetwork": "https://www.googleapis.com/compute/v1/projects/coder-evaluation/regions/us-central1/subnetworks/default",
                "subnetwork_project": "coder-evaluation"
              }
            ],
            "network_performance_config": [],
            "params": [],
            "project": "coder-evaluation",
            "reservation_affinity": [],
            "resource_policies": null,
            "scheduling": [
              {
                "automatic_restart": true,
                "availability_domain": 0,
                "instance_termination_action": "",
                "local_ssd_recovery_timeout": [],
                "max_run_duration": [],
                "min_node_cpus": 0,
                "node_affinities": [],
                "on_host_maintenance": "MIGRATE",
                "on_instance_stop_action": [],
                "preemptible": false,
                "provisioning_model": "STANDARD",
                "termination_time": ""
              }
            ],
            "scratch_disk": [],
            "self_link": "https://www.googleapis.com/compute/v1/projects/coder-evaluation/zones/us-central1-a/instances/bootcamp-demo",
            "service_account": [
              {
                "email": "coder-service-account@coder-evaluation.iam.gserviceaccount.com",
                "scopes": [
                  "https://www.googleapis.com/auth/cloud-platform"
                ]
              }
            ],
            "shielded_instance_config": [
              {
                "enable_integrity_monitoring": true,
                "enable_secure_boot": false,
                "enable_vtpm": true
              }
            ],
            "tags": [
              "allow-ssh-iap",
              "coder-evaluation-server",
              "webserver-fw"
            ],
            "tags_fingerprint": "ooUoS22Pz2c=",
            "terraform_labels": {
              "goog-terraform-provisioned": "true"
            },
            "timeouts": null,
            "zone": "us-central1-a"
          },
          "sensitive_attributes": [
            [
              {
                "type": "get_attr",
                "value": "boot_disk"
              },
              {
                "type": "index",
                "value": {
                  "value": 0,
                  "type": "number"
                }
              },
              {
                "type": "get_attr",
                "value": "disk_encryption_key_rsa"
              }
            ],
            [
              {
                "type": "get_attr",
                "value": "boot_disk"
              },
              {
                "type": "index",
                "value": {
                  "value": 0,
                  "type": "number"
                }
              },
              {
                "type": "get_attr",
                "value": "disk_encryption_key_raw"
              }
            ]
          ],
          "private": "eyJlMmJmYjczMC1lY2FhLTExZTYtOGY4OC0zNDM2M2JjN2M0YzAiOnsiY3JlYXRlIjoxMjAwMDAwMDAwMDAwLCJkZWxldGUiOjEyMDAwMDAwMDAwMDAsInVwZGF0ZSI6MTIwMDAwMDAwMDAwMH0sInNjaGVtYV92ZXJzaW9uIjoiNiJ9",
          "dependencies": [
            "google_project_service.cloud_resource_manager_api",
            "google_project_service.compute_api"
          ]
        },
        {
          "index_key": "coder-login",
          "schema_version": 6,
          "attributes": {
            "advanced_machine_features": [],
            "allow_stopping_for_update": true,
            "attached_disk": [],
            "boot_disk": [
              {
                "auto_delete": true,
                "device_name": "persistent-disk-0",
                "disk_encryption_key_raw": "",
                "disk_encryption_key_rsa": "",
                "disk_encryption_key_sha256": "",
                "disk_encryption_service_account": "",
                "guest_os_features": [
                  "VIRTIO_SCSI_MULTIQUEUE",
                  "SEV_CAPABLE",
                  "SEV_SNP_CAPABLE",
                  "SEV_LIVE_MIGRATABLE",
                  "SEV_LIVE_MIGRATABLE_V2",
                  "IDPF",
                  "TDX_CAPABLE",
                  "UEFI_COMPATIBLE",
                  "GVNIC"
                ],
                "initialize_params": [
                  {
                    "architecture": "X86_64",
                    "enable_confidential_compute": false,
                    "image": "https://www.googleapis.com/compute/v1/projects/ubuntu-os-cloud/global/images/ubuntu-2204-jammy-v20250606",
                    "labels": {},
                    "provisioned_iops": 0,
                    "provisioned_throughput": 0,
                    "resource_manager_tags": null,
                    "resource_policies": [],
                    "size": 10,
                    "snapshot": "",
                    "source_image_encryption_key": [],
                    "source_snapshot_encryption_key": [],
                    "storage_pool": "",
                    "type": "pd-standard"
                  }
                ],
                "interface": "",
                "kms_key_self_link": "",
                "mode": "READ_WRITE",
                "source": "https://www.googleapis.com/compute/v1/projects/coder-evaluation/zones/us-central1-a/disks/coder-login"
              }
            ],
            "can_ip_forward": false,
            "confidential_instance_config": [],
            "cpu_platform": "Intel Broadwell",
            "creation_timestamp": "2025-06-11T11:14:38.252-07:00",
            "current_status": "RUNNING",
            "deletion_protection": false,
            "description": "",
            "desired_status": null,
            "effective_labels": {
              "goog-terraform-provisioned": "true"
            },
            "enable_display": false,
            "guest_accelerator": [],
            "hostname": "",
            "id": "projects/coder-evaluation/zones/us-central1-a/instances/coder-login",
            "instance_encryption_key": [],
            "instance_id": "8771219413671377250",
            "key_revocation_action_type": "",
            "label_fingerprint": "vezUS-42LLM=",
            "labels": null,
            "machine_type": "e2-small",
            "metadata": {
              "ssh-keys": "coatsworth:ssh-rsa AAAAB3NzaC1yc2EAAAADAQABAAABgQC7PnP5MbRe6h03NZk6OzT0MgPyjteiPwPo77ig2Clnq78YZL2SPLKVim8FirASbfVWnCzwTMQNGE8l8Ghm60ii+vRrs7ubCcLlZSmdJoFTataJ5JuDUulyKeTjjmB20lR3gr965u1bIDEmzwvtKOETuuFc7NzHzwfM2a4jmRtnDynDveA+Ud5D0j1n14SEH5eMxxtQmFrl+ZEp8RxNDFUzA9VgVy0wZtZBdCG0Rn5GAb3qqK9T4pm7ruXOpnKIv/z7kkcglrAih0iycfLnpyjFkWNRQNc+9Wq1m3WHH5tgpRSgaZ+mYAeCnV9fzKWYV36ksY9za3bZf5PS7X+vNRc3Q4oZsmE1h7E/2WZ6UpsVnsQ0A+tJbLX5/2/kjW7GqK7ddei6COMnjHr0BRDk6QiN8k/7PJJNwpq3cr9rsq3yOXckdiB1f1vpSmTc9dx4JymOUwZiyu0sEdpNyu97tNAzHA/PVa2fYRr09PAjvKc5drpnpBgg6oPKFjiRVHrc7CM= coatsworth@mark-vector\n"
            },
            "metadata_fingerprint": "FvYeZHTwfms=",
            "metadata_startup_script": "#!/bin/bash\n\n# Redirect all the following output to /install.log\nexec \u003e /tmp/install.log 2\u003e\u00261\nchmod 777 /tmp/install.log\n\n# Update and install system packages\napt-get update\napt-get install -y apt-transport-https ca-certificates curl software-properties-common members vim python3-pandas\n\n# Install Docker\ncurl -fsSL https://download.docker.com/linux/ubuntu/gpg | apt-key add -\n    add-apt-repository \\\n        \"deb [arch=amd64] https://download.docker.com/linux/ubuntu \\\n        $(lsb_release -cs) \\\n        stable\"\napt-get update\napt-get install -y docker-ce\n\n# Set some Coder-related environment variables\nexport CODER_OAUTH2_GITHUB_ALLOW_SIGNUPS=true\n\n# Install Coder\nexport HOME=/root\ncurl -L https://coder.com/install.sh | sh\nsystemctl enable --now coder\njournalctl -u coder.service -b\n\n# Run the Coder setup script\npython3 /tmp/coder_setup.py\n\n# Lastly, delete our setup and user data files, don't want anybody finding them\n#rm -rf /tmp/coder_setup.py\n#rm -rf /tmp/users.csv\n",
            "min_cpu_platform": "",
            "name": "coder-login",
            "network_interface": [
              {
                "access_config": [
                  {
                    "nat_ip": "34.29.214.179",
                    "network_tier": "PREMIUM",
                    "public_ptr_domain_name": ""
                  }
                ],
                "alias_ip_range": [],
                "internal_ipv6_prefix_length": 0,
                "ipv6_access_config": [],
                "ipv6_access_type": "",
                "ipv6_address": "",
                "name": "nic0",
                "network": "https://www.googleapis.com/compute/v1/projects/coder-evaluation/global/networks/default",
                "network_attachment": "",
                "network_ip": "10.128.0.54",
                "nic_type": "",
                "queue_count": 0,
                "stack_type": "IPV4_ONLY",
                "subnetwork": "https://www.googleapis.com/compute/v1/projects/coder-evaluation/regions/us-central1/subnetworks/default",
                "subnetwork_project": "coder-evaluation"
              }
            ],
            "network_performance_config": [],
            "params": [],
            "project": "coder-evaluation",
            "reservation_affinity": [],
            "resource_policies": null,
            "scheduling": [
              {
                "automatic_restart": true,
                "availability_domain": 0,
                "instance_termination_action": "",
                "local_ssd_recovery_timeout": [],
                "max_run_duration": [],
                "min_node_cpus": 0,
                "node_affinities": [],
                "on_host_maintenance": "MIGRATE",
                "on_instance_stop_action": [],
                "preemptible": false,
                "provisioning_model": "STANDARD",
                "termination_time": ""
              }
            ],
            "scratch_disk": [],
            "self_link": "https://www.googleapis.com/compute/v1/projects/coder-evaluation/zones/us-central1-a/instances/coder-login",
            "service_account": [
              {
                "email": "coder-service-account@coder-evaluation.iam.gserviceaccount.com",
                "scopes": [
                  "https://www.googleapis.com/auth/cloud-platform"
                ]
              }
            ],
            "shielded_instance_config": [
              {
                "enable_integrity_monitoring": true,
                "enable_secure_boot": false,
                "enable_vtpm": true
              }
            ],
            "tags": [
              "allow-ssh-iap",
              "coder-evaluation-server",
              "webserver-fw"
            ],
            "tags_fingerprint": "ooUoS22Pz2c=",
            "terraform_labels": {
              "goog-terraform-provisioned": "true"
            },
            "timeouts": null,
            "zone": "us-central1-a"
          },
          "sensitive_attributes": [
            [
              {
                "type": "get_attr",
                "value": "boot_disk"
              },
              {
                "type": "index",
                "value": {
                  "value": 0,
                  "type": "number"
                }
              },
              {
                "type": "get_attr",
                "value": "disk_encryption_key_rsa"
              }
            ],
            [
              {
                "type": "get_attr",
                "value": "boot_disk"
              },
              {
                "type": "index",
                "value": {
                  "value": 0,
                  "type": "number"
                }
              },
              {
                "type": "get_attr",
                "value": "disk_encryption_key_raw"
              }
            ]
          ],
          "private": "eyJlMmJmYjczMC1lY2FhLTExZTYtOGY4OC0zNDM2M2JjN2M0YzAiOnsiY3JlYXRlIjoxMjAwMDAwMDAwMDAwLCJkZWxldGUiOjEyMDAwMDAwMDAwMDAsInVwZGF0ZSI6MTIwMDAwMDAwMDAwMH0sInNjaGVtYV92ZXJzaW9uIjoiNiJ9",
          "dependencies": [
            "google_project_service.cloud_resource_manager_api",
            "google_project_service.compute_api"
          ]
        }
      ]
    },
    {
      "mode": "managed",
      "type": "google_project_service",
      "name": "cloud_resource_manager_api",
      "provider": "provider[\"registry.terraform.io/hashicorp/google\"]",
      "instances": [
        {
          "schema_version": 0,
          "attributes": {
            "disable_dependent_services": null,
            "disable_on_destroy": false,
            "id": "coder-evaluation/cloudresourcemanager.googleapis.com",
            "project": "coder-evaluation",
            "service": "cloudresourcemanager.googleapis.com",
            "timeouts": null
          },
          "sensitive_attributes": [],
          "private": "eyJlMmJmYjczMC1lY2FhLTExZTYtOGY4OC0zNDM2M2JjN2M0YzAiOnsiY3JlYXRlIjoxMjAwMDAwMDAwMDAwLCJkZWxldGUiOjEyMDAwMDAwMDAwMDAsInJlYWQiOjYwMDAwMDAwMDAwMCwidXBkYXRlIjoxMjAwMDAwMDAwMDAwfX0="
        }
      ]
    },
    {
      "mode": "managed",
      "type": "google_project_service",
      "name": "compute",
      "provider": "provider[\"registry.terraform.io/hashicorp/google\"]",
      "instances": [
        {
          "schema_version": 0,
          "attributes": {
            "disable_dependent_services": null,
            "disable_on_destroy": false,
            "id": "coder-evaluation/compute.googleapis.com",
            "project": "coder-evaluation",
            "service": "compute.googleapis.com",
            "timeouts": null
          },
          "sensitive_attributes": [],
          "private": "eyJlMmJmYjczMC1lY2FhLTExZTYtOGY4OC0zNDM2M2JjN2M0YzAiOnsiY3JlYXRlIjoxMjAwMDAwMDAwMDAwLCJkZWxldGUiOjEyMDAwMDAwMDAwMDAsInJlYWQiOjYwMDAwMDAwMDAwMCwidXBkYXRlIjoxMjAwMDAwMDAwMDAwfX0="
        }
      ]
    },
    {
      "mode": "managed",
      "type": "google_project_service",
      "name": "compute_api",
      "provider": "provider[\"registry.terraform.io/hashicorp/google\"]",
      "instances": [
        {
          "schema_version": 0,
          "attributes": {
            "disable_dependent_services": null,
            "disable_on_destroy": false,
            "id": "coder-evaluation/compute.googleapis.com",
            "project": "coder-evaluation",
            "service": "compute.googleapis.com",
            "timeouts": null
          },
          "sensitive_attributes": [],
          "private": "eyJlMmJmYjczMC1lY2FhLTExZTYtOGY4OC0zNDM2M2JjN2M0YzAiOnsiY3JlYXRlIjoxMjAwMDAwMDAwMDAwLCJkZWxldGUiOjEyMDAwMDAwMDAwMDAsInJlYWQiOjYwMDAwMDAwMDAwMCwidXBkYXRlIjoxMjAwMDAwMDAwMDAwfX0="
        }
      ]
    }
  ],
  "check_results": null
}
